
Microsoft Visual Studio Solution File, Format Version 12.00
# Visual Studio Version 17
VisualStudioVersion = 17.3.32922.545
MinimumVisualStudioVersion = 10.0.40219.1
Project("{FAE04EC0-301F-11D3-BF4B-00C04F79EFBC}") = "3DPoint", "3DPoint\3DPoint.csproj", "{3F5E226F-4E3E-40F9-9E05-90D59A4FF48D}"
EndProject
Global
	GlobalSection(SolutionConfigurationPlatforms) = preSolution
		Debug|Any CPU = Debug|Any CPU
		Release|Any CPU = Release|Any CPU
	EndGlobalSection
	GlobalSection(ProjectConfigurationPlatforms) = postSolution
		{3F5E226F-4E3E-40F9-9E05-90D59A4FF48D}.Debug|Any CPU.ActiveCfg = Debug|Any CPU
		{3F5E226F-4E3E-40F9-9E05-90D59A4FF48D}.Debug|Any CPU.Build.0 = Debug|Any CPU
		{3F5E226F-4E3E-40F9-9E05-90D59A4FF48D}.Release|Any CPU.ActiveCfg = Release|Any CPU
		{3F5E226F-4E3E-40F9-9E05-90D59A4FF48D}.Release|Any CPU.Build.0 = Release|Any CPU
	EndGlobalSection
	GlobalSection(SolutionProperties) = preSolution
		HideSolutionNode = FALSE
	EndGlobalSection
	GlobalSection(ExtensibilityGlobals) = postSolution
		SolutionGuid = {E204E326-B801-4E6C-9B4F-B94D1A0979CC}
	EndGlobalSection
EndGlobal
